
Microsoft Visual Studio Solution File, Format Version 12.00
# Visual Studio Version 16
VisualStudioVersion = 16.0.30114.105
MinimumVisualStudioVersion = 10.0.40219.1
Project("{FAE04EC0-301F-11D3-BF4B-00C04F79EFBC}") = "StoreApplicationBL", "StoreApplicationBL\StoreApplicationBL.csproj", "{ED5B01F7-CA10-469A-8E69-143529D53A8B}"
EndProject
Project("{FAE04EC0-301F-11D3-BF4B-00C04F79EFBC}") = "StoreApplicationDL", "StoreApplicationDL\StoreApplicationDL.csproj", "{0BDDA619-0710-48F3-A60E-BF1922D82F6A}"
EndProject
Project("{FAE04EC0-301F-11D3-BF4B-00C04F79EFBC}") = "StoreApplicationEntities", "StoreApplicationEntities\StoreApplicationEntities.csproj", "{4C74CD70-5648-4475-BE76-FC7CB0D3F676}"
EndProject
Project("{FAE04EC0-301F-11D3-BF4B-00C04F79EFBC}") = "StoreApplicationUnitTest", "StoreApplicationUnitTest\StoreApplicationUnitTest.csproj", "{F77A011C-D57C-42B8-B866-C4E545090C7B}"
EndProject
Global
	GlobalSection(SolutionConfigurationPlatforms) = preSolution
		Debug|Any CPU = Debug|Any CPU
		Debug|x64 = Debug|x64
		Debug|x86 = Debug|x86
		Release|Any CPU = Release|Any CPU
		Release|x64 = Release|x64
		Release|x86 = Release|x86
	EndGlobalSection
	GlobalSection(SolutionProperties) = preSolution
		HideSolutionNode = FALSE
	EndGlobalSection
	GlobalSection(ProjectConfigurationPlatforms) = postSolution
		{ED5B01F7-CA10-469A-8E69-143529D53A8B}.Debug|Any CPU.ActiveCfg = Debug|Any CPU
		{ED5B01F7-CA10-469A-8E69-143529D53A8B}.Debug|Any CPU.Build.0 = Debug|Any CPU
		{ED5B01F7-CA10-469A-8E69-143529D53A8B}.Debug|x64.ActiveCfg = Debug|Any CPU
		{ED5B01F7-CA10-469A-8E69-143529D53A8B}.Debug|x64.Build.0 = Debug|Any CPU
		{ED5B01F7-CA10-469A-8E69-143529D53A8B}.Debug|x86.ActiveCfg = Debug|Any CPU
		{ED5B01F7-CA10-469A-8E69-143529D53A8B}.Debug|x86.Build.0 = Debug|Any CPU
		{ED5B01F7-CA10-469A-8E69-143529D53A8B}.Release|Any CPU.ActiveCfg = Release|Any CPU
		{ED5B01F7-CA10-469A-8E69-143529D53A8B}.Release|Any CPU.Build.0 = Release|Any CPU
		{ED5B01F7-CA10-469A-8E69-143529D53A8B}.Release|x64.ActiveCfg = Release|Any CPU
		{ED5B01F7-CA10-469A-8E69-143529D53A8B}.Release|x64.Build.0 = Release|Any CPU
		{ED5B01F7-CA10-469A-8E69-143529D53A8B}.Release|x86.ActiveCfg = Release|Any CPU
		{ED5B01F7-CA10-469A-8E69-143529D53A8B}.Release|x86.Build.0 = Release|Any CPU
		{0BDDA619-0710-48F3-A60E-BF1922D82F6A}.Debug|Any CPU.ActiveCfg = Debug|Any CPU
		{0BDDA619-0710-48F3-A60E-BF1922D82F6A}.Debug|Any CPU.Build.0 = Debug|Any CPU
		{0BDDA619-0710-48F3-A60E-BF1922D82F6A}.Debug|x64.ActiveCfg = Debug|Any CPU
		{0BDDA619-0710-48F3-A60E-BF1922D82F6A}.Debug|x64.Build.0 = Debug|Any CPU
		{0BDDA619-0710-48F3-A60E-BF1922D82F6A}.Debug|x86.ActiveCfg = Debug|Any CPU
		{0BDDA619-0710-48F3-A60E-BF1922D82F6A}.Debug|x86.Build.0 = Debug|Any CPU
		{0BDDA619-0710-48F3-A60E-BF1922D82F6A}.Release|Any CPU.ActiveCfg = Release|Any CPU
		{0BDDA619-0710-48F3-A60E-BF1922D82F6A}.Release|Any CPU.Build.0 = Release|Any CPU
		{0BDDA619-0710-48F3-A60E-BF1922D82F6A}.Release|x64.ActiveCfg = Release|Any CPU
		{0BDDA619-0710-48F3-A60E-BF1922D82F6A}.Release|x64.Build.0 = Release|Any CPU
		{0BDDA619-0710-48F3-A60E-BF1922D82F6A}.Release|x86.ActiveCfg = Release|Any CPU
		{0BDDA619-0710-48F3-A60E-BF1922D82F6A}.Release|x86.Build.0 = Release|Any CPU
		{4C74CD70-5648-4475-BE76-FC7CB0D3F676}.Debug|Any CPU.ActiveCfg = Debug|Any CPU
		{4C74CD70-5648-4475-BE76-FC7CB0D3F676}.Debug|Any CPU.Build.0 = Debug|Any CPU
		{4C74CD70-5648-4475-BE76-FC7CB0D3F676}.Debug|x64.ActiveCfg = Debug|Any CPU
		{4C74CD70-5648-4475-BE76-FC7CB0D3F676}.Debug|x64.Build.0 = Debug|Any CPU
		{4C74CD70-5648-4475-BE76-FC7CB0D3F676}.Debug|x86.ActiveCfg = Debug|Any CPU
		{4C74CD70-5648-4475-BE76-FC7CB0D3F676}.Debug|x86.Build.0 = Debug|Any CPU
		{4C74CD70-5648-4475-BE76-FC7CB0D3F676}.Release|Any CPU.ActiveCfg = Release|Any CPU
		{4C74CD70-5648-4475-BE76-FC7CB0D3F676}.Release|Any CPU.Build.0 = Release|Any CPU
		{4C74CD70-5648-4475-BE76-FC7CB0D3F676}.Release|x64.ActiveCfg = Release|Any CPU
		{4C74CD70-5648-4475-BE76-FC7CB0D3F676}.Release|x64.Build.0 = Release|Any CPU
		{4C74CD70-5648-4475-BE76-FC7CB0D3F676}.Release|x86.ActiveCfg = Release|Any CPU
		{4C74CD70-5648-4475-BE76-FC7CB0D3F676}.Release|x86.Build.0 = Release|Any CPU
		{F77A011C-D57C-42B8-B866-C4E545090C7B}.Debug|Any CPU.ActiveCfg = Debug|Any CPU
		{F77A011C-D57C-42B8-B866-C4E545090C7B}.Debug|Any CPU.Build.0 = Debug|Any CPU
		{F77A011C-D57C-42B8-B866-C4E545090C7B}.Debug|x64.ActiveCfg = Debug|Any CPU
		{F77A011C-D57C-42B8-B866-C4E545090C7B}.Debug|x64.Build.0 = Debug|Any CPU
		{F77A011C-D57C-42B8-B866-C4E545090C7B}.Debug|x86.ActiveCfg = Debug|Any CPU
		{F77A011C-D57C-42B8-B866-C4E545090C7B}.Debug|x86.Build.0 = Debug|Any CPU
		{F77A011C-D57C-42B8-B866-C4E545090C7B}.Release|Any CPU.ActiveCfg = Release|Any CPU
		{F77A011C-D57C-42B8-B866-C4E545090C7B}.Release|Any CPU.Build.0 = Release|Any CPU
		{F77A011C-D57C-42B8-B866-C4E545090C7B}.Release|x64.ActiveCfg = Release|Any CPU
		{F77A011C-D57C-42B8-B866-C4E545090C7B}.Release|x64.Build.0 = Release|Any CPU
		{F77A011C-D57C-42B8-B866-C4E545090C7B}.Release|x86.ActiveCfg = Release|Any CPU
		{F77A011C-D57C-42B8-B866-C4E545090C7B}.Release|x86.Build.0 = Release|Any CPU
	EndGlobalSection
EndGlobal
